// !$*UTF8*$!
{
	archiveVersion = 1;
	classes = {
	};
	objectVersion = 48;
	objects = {

/* Begin PBXBuildFile section */
		3285C7FC2071F39E0024D3C4 /* AppDelegate.swift in Sources */ = {isa = PBXBuildFile; fileRef = 3285C7FB2071F39E0024D3C4 /* AppDelegate.swift */; };
		3285C7FE2071F39E0024D3C4 /* ViewController.swift in Sources */ = {isa = PBXBuildFile; fileRef = 3285C7FD2071F39E0024D3C4 /* ViewController.swift */; };
		3285C8012071F39E0024D3C4 /* Main.storyboard in Resources */ = {isa = PBXBuildFile; fileRef = 3285C7FF2071F39E0024D3C4 /* Main.storyboard */; };
		3285C8042071F39E0024D3C4 /* coredataprac.xcdatamodeld in Sources */ = {isa = PBXBuildFile; fileRef = 3285C8022071F39E0024D3C4 /* coredataprac.xcdatamodeld */; };
		3285C8062071F39E0024D3C4 /* Assets.xcassets in Resources */ = {isa = PBXBuildFile; fileRef = 3285C8052071F39E0024D3C4 /* Assets.xcassets */; };
		3285C8092071F39E0024D3C4 /* LaunchScreen.storyboard in Resources */ = {isa = PBXBuildFile; fileRef = 3285C8072071F39E0024D3C4 /* LaunchScreen.storyboard */; };
/* End PBXBuildFile section */

/* Begin PBXFileReference section */
		3285C7F82071F39E0024D3C4 /* coredataprac.app */ = {isa = PBXFileReference; explicitFileType = wrapper.application; includeInIndex = 0; path = coredataprac.app; sourceTree = BUILT_PRODUCTS_DIR; };
		3285C7FB2071F39E0024D3C4 /* AppDelegate.swift */ = {isa = PBXFileReference; lastKnownFileType = sourcecode.swift; path = AppDelegate.swift; sourceTree = "<group>"; };
		3285C7FD2071F39E0024D3C4 /* ViewController.swift */ = {isa = PBXFileReference; lastKnownFileType = sourcecode.swift; path = ViewController.swift; sourceTree = "<group>"; };
		3285C8002071F39E0024D3C4 /* Base */ = {isa = PBXFileReference; lastKnownFileType = file.storyboard; name = Base; path = Base.lproj/Main.storyboard; sourceTree = "<group>"; };
		3285C8032071F39E0024D3C4 /* coredataprac.xcdatamodel */ = {isa = PBXFileReference; lastKnownFileType = wrapper.xcdatamodel; path = coredataprac.xcdatamodel; sourceTree = "<group>"; };
		3285C8052071F39E0024D3C4 /* Assets.xcassets */ = {isa = PBXFileReference; lastKnownFileType = folder.assetcatalog; path = Assets.xcassets; sourceTree = "<group>"; };
		3285C8082071F39E0024D3C4 /* Base */ = {isa = PBXFileReference; lastKnownFileType = file.storyboard; name = Base; path = Base.lproj/LaunchScreen.storyboard; sourceTree = "<group>"; };
		3285C80A2071F39E0024D3C4 /* Info.plist */ = {isa = PBXFileReference; lastKnownFileType = text.plist.xml; path = Info.plist; sourceTree = "<group>"; };
/* End PBXFileReference section */

/* Begin PBXFrameworksBuildPhase section */
		3285C7F52071F39E0024D3C4 /* Frameworks */ = {
			isa = PBXFrameworksBuildPhase;
			buildActionMask = 2147483647;
			files = (
			);
			runOnlyForDeploymentPostprocessing = 0;
		};
/* End PBXFrameworksBuildPhase section */

/* Begin PBXGroup section */
		3285C7EF2071F39E0024D3C4 = {
			isa = PBXGroup;
			children = (
				3285C7FA2071F39E0024D3C4 /* coredataprac */,
				3285C7F92071F39E0024D3C4 /* Products */,
			);
			sourceTree = "<group>";
		};
		3285C7F92071F39E0024D3C4 /* Products */ = {
			isa = PBXGroup;
			children = (
				3285C7F82071F39E0024D3C4 /* coredataprac.app */,
			);
			name = Products;
			sourceTree = "<group>";
		};
		3285C7FA2071F39E0024D3C4 /* coredataprac */ = {
			isa = PBXGroup;
			children = (
				3285C7FB2071F39E0024D3C4 /* AppDelegate.swift */,
				3285C7FD2071F39E0024D3C4 /* ViewController.swift */,
				3285C7FF2071F39E0024D3C4 /* Main.storyboard */,
				3285C8052071F39E0024D3C4 /* Assets.xcassets */,
				3285C8072071F39E0024D3C4 /* LaunchScreen.storyboard */,
				3285C80A2071F39E0024D3C4 /* Info.plist */,
				3285C8022071F39E0024D3C4 /* coredataprac.xcdatamodeld */,
			);
			path = coredataprac;
			sourceTree = "<group>";
		};
/* End PBXGroup section */

/* Begin PBXNativeTarget section */
		3285C7F72071F39E0024D3C4 /* coredataprac */ = {
			isa = PBXNativeTarget;
			buildConfigurationList = 3285C80D2071F39E0024D3C4 /* Build configuration list for PBXNativeTarget "coredataprac" */;
			buildPhases = (
				3285C7F42071F39E0024D3C4 /* Sources */,
				3285C7F52071F39E0024D3C4 /* Frameworks */,
				3285C7F62071F39E0024D3C4 /* Resources */,
			);
			buildRules = (
			);
			dependencies = (
			);
			name = coredataprac;
			productName = coredataprac;
			productReference = 3285C7F82071F39E0024D3C4 /* coredataprac.app */;
			productType = "com.apple.product-type.application";
		};
/* End PBXNativeTarget section */

/* Begin PBXProject section */
		3285C7F02071F39E0024D3C4 /* Project object */ = {
			isa = PBXProject;
			attributes = {
				LastSwiftUpdateCheck = 0920;
				LastUpgradeCheck = 0930;
				ORGANIZATIONNAME = Rajpreet;
				TargetAttributes = {
					3285C7F72071F39E0024D3C4 = {
						CreatedOnToolsVersion = 9.2;
						ProvisioningStyle = Automatic;
					};
				};
			};
			buildConfigurationList = 3285C7F32071F39E0024D3C4 /* Build configuration list for PBXProject "coredataprac" */;
			compatibilityVersion = "Xcode 8.0";
			developmentRegion = en;
			hasScannedForEncodings = 0;
			knownRegions = (
				en,
				Base,
			);
			mainGroup = 3285C7EF2071F39E0024D3C4;
			productRefGroup = 3285C7F92071F39E0024D3C4 /* Products */;
			projectDirPath = "";
			projectRoot = "";
			targets = (
				3285C7F72071F39E0024D3C4 /* coredataprac */,
			);
		};
/* End PBXProject section */

/* Begin PBXResourcesBuildPhase section */
		3285C7F62071F39E0024D3C4 /* Resources */ = {
			isa = PBXResourcesBuildPhase;
			buildActionMask = 2147483647;
			files = (
				3285C8092071F39E0024D3C4 /* LaunchScreen.storyboard in Resources */,
				3285C8062071F39E0024D3C4 /* Assets.xcassets in Resources */,
				3285C8012071F39E0024D3C4 /* Main.storyboard in Resources */,
			);
			runOnlyForDeploymentPostprocessing = 0;
		};
/* End PBXResourcesBuildPhase section */

/* Begin PBXSourcesBuildPhase section */
		3285C7F42071F39E0024D3C4 /* Sources */ = {
			isa = PBXSourcesBuildPhase;
			buildActionMask = 2147483647;
			files = (
				3285C7FE2071F39E0024D3C4 /* ViewController.swift in Sources */,
				3285C7FC2071F39E0024D3C4 /* AppDelegate.swift in Sources */,
				3285C8042071F39E0024D3C4 /* coredataprac.xcdatamodeld in Sources */,
			);
			runOnlyForDeploymentPostprocessing = 0;
		};
/* End PBXSourcesBuildPhase section */

/* Begin PBXVariantGroup section */
		3285C7FF2071F39E0024D3C4 /* Main.storyboard */ = {
			isa = PBXVariantGroup;
			children = (
				3285C8002071F39E0024D3C4 /* Base */,
			);
			name = Main.storyboard;
			sourceTree = "<group>";
		};
		3285C8072071F39E0024D3C4 /* LaunchScreen.storyboard */ = {
			isa = PBXVariantGroup;
			children = (
				3285C8082071F39E0024D3C4 /* Base */,
			);
			name = LaunchScreen.storyboard;
			sourceTree = "<group>";
		};
/* End PBXVariantGroup section */

/* Begin XCBuildConfiguration section */
		3285C80B2071F39E0024D3C4 /* Debug */ = {
			isa = XCBuildConfiguration;
			buildSettings = {
				ALWAYS_SEARCH_USER_PATHS = NO;
				CLANG_ANALYZER_NONNULL = YES;
				CLANG_ANALYZER_NUMBER_OBJECT_CONVERSION = YES_AGGRESSIVE;
				CLANG_CXX_LANGUAGE_STANDARD = "gnu++14";
				CLANG_CXX_LIBRARY = "libc++";
				CLANG_ENABLE_MODULES = YES;
				CLANG_ENABLE_OBJC_ARC = YES;
				CLANG_WARN_BLOCK_CAPTURE_AUTORELEASING = YES;
				CLANG_WARN_BOOL_CONVERSION = YES;
				CLANG_WARN_COMMA = YES;
				CLANG_WARN_CONSTANT_CONVERSION = YES;
				CLANG_WARN_DEPRECATED_OBJC_IMPLEMENTATIONS = YES;
				CLANG_WARN_DIRECT_OBJC_ISA_USAGE = YES_ERROR;
				CLANG_WARN_DOCUMENTATION_COMMENTS = YES;
				CLANG_WARN_EMPTY_BODY = YES;
				CLANG_WARN_ENUM_CONVERSION = YES;
				CLANG_WARN_INFINITE_RECURSION = YES;
				CLANG_WARN_INT_CONVERSION = YES;
				CLANG_WARN_NON_LITERAL_NULL_CONVERSION = YES;
				CLANG_WARN_OBJC_IMPLICIT_RETAIN_SELF = YES;
				CLANG_WARN_OBJC_LITERAL_CONVERSION = YES;
				CLANG_WARN_OBJC_ROOT_CLASS = YES_ERROR;
				CLANG_WARN_RANGE_LOOP_ANALYSIS = YES;
				CLANG_WARN_STRICT_PROTOTYPES = YES;
				CLANG_WARN_SUSPICIOUS_MOVE = YES;
				CLANG_WARN_UNGUARDED_AVAILABILITY = YES_AGGRESSIVE;
				CLANG_WARN_UNREACHABLE_CODE = YES;
				CLANG_WARN__DUPLICATE_METHOD_MATCH = YES;
				CODE_SIGN_IDENTITY = "iPhone Developer";
				COPY_PHASE_STRIP = NO;
				DEBUG_INFORMATION_FORMAT = dwarf;
				ENABLE_STRICT_OBJC_MSGSEND = YES;
				ENABLE_TESTABILITY = YES;
				GCC_C_LANGUAGE_STANDARD = gnu11;
				GCC_DYNAMIC_NO_PIC = NO;
				GCC_NO_COMMON_BLOCKS = YES;
				GCC_OPTIMIZATION_LEVEL = 0;
				GCC_PREPROCESSOR_DEFINITIONS = (
					"DEBUG=1",
					"$(inherited)",
				);
				GCC_WARN_64_TO_32_BIT_CONVERSION = YES;
				GCC_WARN_ABOUT_RETURN_TYPE = YES_ERROR;
				GCC_WARN_UNDECLARED_SELECTOR = YES;
				GCC_WARN_UNINITIALIZED_AUTOS = YES_AGGRESSIVE;
				GCC_WARN_UNUSED_FUNCTION = YES;
				GCC_WARN_UNUSED_VARIABLE = YES;
				IPHONEOS_DEPLOYMENT_TARGET = 11.2;
				MTL_ENABLE_DEBUG_INFO = YES;
				ONLY_ACTIVE_ARCH = YES;
				SDKROOT = iphoneos;
				SWIFT_ACTIVE_COMPILATION_CONDITIONS = DEBUG;
				SWIFT_OPTIMIZATION_LEVEL = "-Onone";
			};
			name = Debug;
		};
		3285C80C2071F39E0024D3C4 /* Release */ = {
			isa = XCBuildConfiguration;
			buildSettings = {
				ALWAYS_SEARCH_USER_PATHS = NO;
				CLANG_ANALYZER_NONNULL = YES;
				CLANG_ANALYZER_NUMBER_OBJECT_CONVERSION = YES_AGGRESSIVE;
				CLANG_CXX_LANGUAGE_STANDARD = "gnu++14";
				CLANG_CXX_LIBRARY = "libc++";
				CLANG_ENABLE_MODULES = YES;
				CLANG_ENABLE_OBJC_ARC = YES;
				CLANG_WARN_BLOCK_CAPTURE_AUTORELEASING = YES;
				CLANG_WARN_BOOL_CONVERSION = YES;
				CLANG_WARN_COMMA = YES;
				CLANG_WARN_CONSTANT_CONVERSION = YES;
				CLANG_WARN_DEPRECATED_OBJC_IMPLEMENTATIONS = YES;
				CLANG_WARN_DIRECT_OBJC_ISA_USAGE = YES_ERROR;
				CLANG_WARN_DOCUMENTATION_COMMENTS = YES;
				CLANG_WARN_EMPTY_BODY = YES;
				CLANG_WARN_ENUM_CONVERSION = YES;
				CLANG_WARN_INFINITE_RECURSION = YES;
				CLANG_WARN_INT_CONVERSION = YES;
				CLANG_WARN_NON_LITERAL_NULL_CONVERSION = YES;
				CLANG_WARN_OBJC_IMPLICIT_RETAIN_SELF = YES;
				CLANG_WARN_OBJC_LITERAL_CONVERSION = YES;
				CLANG_WARN_OBJC_ROOT_CLASS = YES_ERROR;
				CLANG_WARN_RANGE_LOOP_ANALYSIS = YES;
				CLANG_WARN_STRICT_PROTOTYPES = YES;
				CLANG_WARN_SUSPICIOUS_MOVE = YES;
				CLANG_WARN_UNGUARDED_AVAILABILITY = YES_AGGRESSIVE;
				CLANG_WARN_UNREACHABLE_CODE = YES;
				CLANG_WARN__DUPLICATE_METHOD_MATCH = YES;
				CODE_SIGN_IDENTITY = "iPhone Developer";
				COPY_PHASE_STRIP = NO;
				DEBUG_INFORMATION_FORMAT = "dwarf-with-dsym";
				ENABLE_NS_ASSERTIONS = NO;
				ENABLE_STRICT_OBJC_MSGSEND = YES;
				GCC_C_LANGUAGE_STANDARD = gnu11;
				GCC_NO_COMMON_BLOCKS = YES;
				GCC_WARN_64_TO_32_BIT_CONVERSION = YES;
				GCC_WARN_ABOUT_RETURN_TYPE = YES_ERROR;
				GCC_WARN_UNDECLARED_SELECTOR = YES;
				GCC_WARN_UNINITIALIZED_AUTOS = YES_AGGRESSIVE;
				GCC_WARN_UNUSED_FUNCTION = YES;
				GCC_WARN_UNUSED_VARIABLE = YES;
				IPHONEOS_DEPLOYMENT_TARGET = 11.2;
				MTL_ENABLE_DEBUG_INFO = NO;
				SDKROOT = iphoneos;
				SWIFT_OPTIMIZATION_LEVEL = "-Owholemodule";
				VALIDATE_PRODUCT = YES;
			};
			name = Release;
		};
		3285C80E2071F39E0024D3C4 /* Debug */ = {
			isa = XCBuildConfiguration;
			buildSettings = {
				ASSETCATALOG_COMPILER_APPICON_NAME = AppIcon;
				CODE_SIGN_STYLE = Automatic;
				DEVELOPMENT_TEAM = XUGG64T5F3;
				INFOPLIST_FILE = coredataprac/Info.plist;
				LD_RUNPATH_SEARCH_PATHS = "$(inherited) @executable_path/Frameworks";
				PRODUCT_BUNDLE_IDENTIFIER = com.coredataprac;
				PRODUCT_NAME = "$(TARGET_NAME)";
				SWIFT_VERSION = 4.0;
				TARGETED_DEVICE_FAMILY = "1,2";
			};
			name = Debug;
		};
		3285C80F2071F39E0024D3C4 /* Release */ = {
			isa = XCBuildConfiguration;
			buildSettings = {
				ASSETCATALOG_COMPILER_APPICON_NAME = AppIcon;
				CODE_SIGN_STYLE = Automatic;
				DEVELOPMENT_TEAM = XUGG64T5F3;
				INFOPLIST_FILE = coredataprac/Info.plist;
				LD_RUNPATH_SEARCH_PATHS = "$(inherited) @executable_path/Frameworks";
				PRODUCT_BUNDLE_IDENTIFIER = com.coredataprac;
				PRODUCT_NAME = "$(TARGET_NAME)";
				SWIFT_VERSION = 4.0;
				TARGETED_DEVICE_FAMILY = "1,2";
			};
			name = Release;
		};
/* End XCBuildConfiguration section */

/* Begin XCConfigurationList section */
		3285C7F32071F39E0024D3C4 /* Build configuration list for PBXProject "coredataprac" */ = {
			isa = XCConfigurationList;
			buildConfigurations = (
				3285C80B2071F39E0024D3C4 /* Debug */,
				3285C80C2071F39E0024D3C4 /* Release */,
			);
			defaultConfigurationIsVisible = 0;
			defaultConfigurationName = Release;
		};
		3285C80D2071F39E0024D3C4 /* Build configuration list for PBXNativeTarget "coredataprac" */ = {
			isa = XCConfigurationList;
			buildConfigurations = (
				3285C80E2071F39E0024D3C4 /* Debug */,
				3285C80F2071F39E0024D3C4 /* Release */,
			);
			defaultConfigurationIsVisible = 0;
			defaultConfigurationName = Release;
		};
/* End XCConfigurationList section */

/* Begin XCVersionGroup section */
		3285C8022071F39E0024D3C4 /* coredataprac.xcdatamodeld */ = {
			isa = XCVersionGroup;
			children = (
				3285C8032071F39E0024D3C4 /* coredataprac.xcdatamodel */,
			);
			currentVersion = 3285C8032071F39E0024D3C4 /* coredataprac.xcdatamodel */;
			path = coredataprac.xcdatamodeld;
			sourceTree = "<group>";
			versionGroupType = wrapper.xcdatamodel;
		};
/* End XCVersionGroup section */
	};
	rootObject = 3285C7F02071F39E0024D3C4 /* Project object */;
}
